
Microsoft Visual Studio Solution File, Format Version 12.00
# Visual Studio 15
VisualStudioVersion = 15.0.28010.2048
MinimumVisualStudioVersion = 10.0.40219.1
Project("{FAE04EC0-301F-11D3-BF4B-00C04F79EFBC}") = "RtDesign.UiTest", "RtDesign.UiTest\RtDesign.UiTest.csproj", "{9D83F86E-AF07-4770-ADBB-D1FE52C81491}"
EndProject
Global
	GlobalSection(SolutionConfigurationPlatforms) = preSolution
		Debug|Any CPU = Debug|Any CPU
		Release|Any CPU = Release|Any CPU
	EndGlobalSection
	GlobalSection(ProjectConfigurationPlatforms) = postSolution
		{9D83F86E-AF07-4770-ADBB-D1FE52C81491}.Debug|Any CPU.ActiveCfg = Debug|Any CPU
		{9D83F86E-AF07-4770-ADBB-D1FE52C81491}.Debug|Any CPU.Build.0 = Debug|Any CPU
		{9D83F86E-AF07-4770-ADBB-D1FE52C81491}.Release|Any CPU.ActiveCfg = Release|Any CPU
		{9D83F86E-AF07-4770-ADBB-D1FE52C81491}.Release|Any CPU.Build.0 = Release|Any CPU
	EndGlobalSection
	GlobalSection(SolutionProperties) = preSolution
		HideSolutionNode = FALSE
	EndGlobalSection
	GlobalSection(ExtensibilityGlobals) = postSolution
		SolutionGuid = {C80D510D-5988-4613-9884-7A1BA685203A}
	EndGlobalSection
EndGlobal
